
Microsoft Visual Studio Solution File, Format Version 12.00
# Visual Studio 14
VisualStudioVersion = 14.0.23107.0
MinimumVisualStudioVersion = 10.0.40219.1
Project("{FAE04EC0-301F-11D3-BF4B-00C04F79EFBC}") = "SpeedUp", "SpeedUp.csproj", "{F323ED9E-85B4-47FB-8FCE-F27F9DB5D646}"
EndProject
Project("{FAE04EC0-301F-11D3-BF4B-00C04F79EFBC}") = "SpeedUP.DAL", "..\SpeedUP.DAL\SpeedUP.DAL.csproj", "{F1B8426F-2332-4639-B9C4-A65A46D161AE}"
EndProject
Global
	GlobalSection(SolutionConfigurationPlatforms) = preSolution
		Debug|Any CPU = Debug|Any CPU
		Release|Any CPU = Release|Any CPU
	EndGlobalSection
	GlobalSection(ProjectConfigurationPlatforms) = postSolution
		{F323ED9E-85B4-47FB-8FCE-F27F9DB5D646}.Debug|Any CPU.ActiveCfg = Debug|Any CPU
		{F323ED9E-85B4-47FB-8FCE-F27F9DB5D646}.Debug|Any CPU.Build.0 = Debug|Any CPU
		{F323ED9E-85B4-47FB-8FCE-F27F9DB5D646}.Release|Any CPU.ActiveCfg = Release|Any CPU
		{F323ED9E-85B4-47FB-8FCE-F27F9DB5D646}.Release|Any CPU.Build.0 = Release|Any CPU
		{F1B8426F-2332-4639-B9C4-A65A46D161AE}.Debug|Any CPU.ActiveCfg = Debug|Any CPU
		{F1B8426F-2332-4639-B9C4-A65A46D161AE}.Debug|Any CPU.Build.0 = Debug|Any CPU
		{F1B8426F-2332-4639-B9C4-A65A46D161AE}.Release|Any CPU.ActiveCfg = Release|Any CPU
		{F1B8426F-2332-4639-B9C4-A65A46D161AE}.Release|Any CPU.Build.0 = Release|Any CPU
	EndGlobalSection
	GlobalSection(SolutionProperties) = preSolution
		HideSolutionNode = FALSE
	EndGlobalSection
EndGlobal
